
Microsoft Visual Studio Solution File, Format Version 12.00
# Visual Studio Version 16
VisualStudioVersion = 16.0.31112.23
MinimumVisualStudioVersion = 10.0.40219.1
Project("{FAE04EC0-301F-11D3-BF4B-00C04F79EFBC}") = "Sakk", "Sakk\Sakk.csproj", "{42261FD7-8E59-453D-987F-3B19EBB3D4F4}"
EndProject
Global
	GlobalSection(SolutionConfigurationPlatforms) = preSolution
		Debug|Any CPU = Debug|Any CPU
		Release|Any CPU = Release|Any CPU
	EndGlobalSection
	GlobalSection(ProjectConfigurationPlatforms) = postSolution
		{42261FD7-8E59-453D-987F-3B19EBB3D4F4}.Debug|Any CPU.ActiveCfg = Debug|Any CPU
		{42261FD7-8E59-453D-987F-3B19EBB3D4F4}.Debug|Any CPU.Build.0 = Debug|Any CPU
		{42261FD7-8E59-453D-987F-3B19EBB3D4F4}.Release|Any CPU.ActiveCfg = Release|Any CPU
		{42261FD7-8E59-453D-987F-3B19EBB3D4F4}.Release|Any CPU.Build.0 = Release|Any CPU
	EndGlobalSection
	GlobalSection(SolutionProperties) = preSolution
		HideSolutionNode = FALSE
	EndGlobalSection
	GlobalSection(ExtensibilityGlobals) = postSolution
		SolutionGuid = {F0620E21-F22D-4EB3-8988-FF66BE05798C}
	EndGlobalSection
EndGlobal
